
Microsoft Visual Studio Solution File, Format Version 12.00
# Visual Studio Version 16
VisualStudioVersion = 25.0.1706.6
MinimumVisualStudioVersion = 10.0.40219.1
Project("{FAE04EC0-301F-11D3-BF4B-00C04F79EFBC}") = "EliDinner.Api", "EliDinner.Api\EliDinner.Api.csproj", "{B2AF0CC1-3943-453F-BE2F-C2BCE02BF27E}"
EndProject
Project("{FAE04EC0-301F-11D3-BF4B-00C04F79EFBC}") = "EliDinner.Application", "EliDinner.Application\EliDinner.Application.csproj", "{52F60A07-1CEE-4AEA-9B6D-8E5FA147D3E2}"
EndProject
Project("{FAE04EC0-301F-11D3-BF4B-00C04F79EFBC}") = "EliDinner.Contracts", "EliDinner.Contracts\EliDinner.Contracts.csproj", "{CE30FC93-BCCD-4658-B597-9EB446136236}"
EndProject
Project("{FAE04EC0-301F-11D3-BF4B-00C04F79EFBC}") = "EliDinner.Domain", "EliDinner.Domain\EliDinner.Domain.csproj", "{7B0CA36F-AAF8-422C-86AE-A377976646EA}"
EndProject
Project("{FAE04EC0-301F-11D3-BF4B-00C04F79EFBC}") = "EliDinner.Infrastructure", "EliDinner.Infrastructure\EliDinner.Infrastructure.csproj", "{007DBAFE-7A30-4F5F-984E-A6E5EAF52F2E}"
EndProject
Global
	GlobalSection(SolutionConfigurationPlatforms) = preSolution
		Debug|Any CPU = Debug|Any CPU
		Release|Any CPU = Release|Any CPU
	EndGlobalSection
	GlobalSection(ProjectConfigurationPlatforms) = postSolution
		{B2AF0CC1-3943-453F-BE2F-C2BCE02BF27E}.Debug|Any CPU.ActiveCfg = Debug|Any CPU
		{B2AF0CC1-3943-453F-BE2F-C2BCE02BF27E}.Debug|Any CPU.Build.0 = Debug|Any CPU
		{B2AF0CC1-3943-453F-BE2F-C2BCE02BF27E}.Release|Any CPU.ActiveCfg = Release|Any CPU
		{B2AF0CC1-3943-453F-BE2F-C2BCE02BF27E}.Release|Any CPU.Build.0 = Release|Any CPU
		{52F60A07-1CEE-4AEA-9B6D-8E5FA147D3E2}.Debug|Any CPU.ActiveCfg = Debug|Any CPU
		{52F60A07-1CEE-4AEA-9B6D-8E5FA147D3E2}.Debug|Any CPU.Build.0 = Debug|Any CPU
		{52F60A07-1CEE-4AEA-9B6D-8E5FA147D3E2}.Release|Any CPU.ActiveCfg = Release|Any CPU
		{52F60A07-1CEE-4AEA-9B6D-8E5FA147D3E2}.Release|Any CPU.Build.0 = Release|Any CPU
		{CE30FC93-BCCD-4658-B597-9EB446136236}.Debug|Any CPU.ActiveCfg = Debug|Any CPU
		{CE30FC93-BCCD-4658-B597-9EB446136236}.Debug|Any CPU.Build.0 = Debug|Any CPU
		{CE30FC93-BCCD-4658-B597-9EB446136236}.Release|Any CPU.ActiveCfg = Release|Any CPU
		{CE30FC93-BCCD-4658-B597-9EB446136236}.Release|Any CPU.Build.0 = Release|Any CPU
		{7B0CA36F-AAF8-422C-86AE-A377976646EA}.Debug|Any CPU.ActiveCfg = Debug|Any CPU
		{7B0CA36F-AAF8-422C-86AE-A377976646EA}.Debug|Any CPU.Build.0 = Debug|Any CPU
		{7B0CA36F-AAF8-422C-86AE-A377976646EA}.Release|Any CPU.ActiveCfg = Release|Any CPU
		{7B0CA36F-AAF8-422C-86AE-A377976646EA}.Release|Any CPU.Build.0 = Release|Any CPU
		{007DBAFE-7A30-4F5F-984E-A6E5EAF52F2E}.Debug|Any CPU.ActiveCfg = Debug|Any CPU
		{007DBAFE-7A30-4F5F-984E-A6E5EAF52F2E}.Debug|Any CPU.Build.0 = Debug|Any CPU
		{007DBAFE-7A30-4F5F-984E-A6E5EAF52F2E}.Release|Any CPU.ActiveCfg = Release|Any CPU
		{007DBAFE-7A30-4F5F-984E-A6E5EAF52F2E}.Release|Any CPU.Build.0 = Release|Any CPU
	EndGlobalSection
	GlobalSection(SolutionProperties) = preSolution
		HideSolutionNode = FALSE
	EndGlobalSection
	GlobalSection(ExtensibilityGlobals) = postSolution
		SolutionGuid = {972A5041-F7C8-4FF5-B9F8-87A3BAD698B9}
	EndGlobalSection
EndGlobal
